
Microsoft Visual Studio Solution File, Format Version 12.00
# Visual Studio Version 16
VisualStudioVersion = 16.0.29403.142
MinimumVisualStudioVersion = 10.0.40219.1
Project("{FAE04EC0-301F-11D3-BF4B-00C04F79EFBC}") = "Relógio Digital", "Relógio Digital\Relógio Digital.csproj", "{AEFAF813-A1FE-46FB-9F5B-C49C335B9428}"
EndProject
Global
	GlobalSection(SolutionConfigurationPlatforms) = preSolution
		Debug|Any CPU = Debug|Any CPU
		Release|Any CPU = Release|Any CPU
	EndGlobalSection
	GlobalSection(ProjectConfigurationPlatforms) = postSolution
		{AEFAF813-A1FE-46FB-9F5B-C49C335B9428}.Debug|Any CPU.ActiveCfg = Debug|Any CPU
		{AEFAF813-A1FE-46FB-9F5B-C49C335B9428}.Debug|Any CPU.Build.0 = Debug|Any CPU
		{AEFAF813-A1FE-46FB-9F5B-C49C335B9428}.Release|Any CPU.ActiveCfg = Release|Any CPU
		{AEFAF813-A1FE-46FB-9F5B-C49C335B9428}.Release|Any CPU.Build.0 = Release|Any CPU
	EndGlobalSection
	GlobalSection(SolutionProperties) = preSolution
		HideSolutionNode = FALSE
	EndGlobalSection
	GlobalSection(ExtensibilityGlobals) = postSolution
		SolutionGuid = {5561F4F4-9FC2-4099-B94F-8C7147B903AB}
	EndGlobalSection
EndGlobal
